{
  "version": 4,
  "terraform_version": "1.15.4",
  "serial": 20,
  "lineage": "47e5eb77-612e-add0-26e9-6f726f8d0096",
  "outputs": {
    "gke_name": {
      "value": "gke-capoc",
      "type": "string"
    },
    "gke_zone": {
      "value": "europe-west1-b",
      "type": "string"
    }
  },
  "resources": [
    {
      "mode": "managed",
      "type": "google_container_cluster",
      "name": "gke",
      "provider": "provider[\"registry.terraform.io/hashicorp/google\"]",
      "instances": [
        {
          "schema_version": 2,
          "attributes": {
            "addons_config": [
              {
                "cloudrun_config": [],
                "config_connector_config": [],
                "dns_cache_config": [
                  {
                    "enabled": true
                  }
                ],
                "gce_persistent_disk_csi_driver_config": [
                  {
                    "enabled": true
                  }
                ],
                "gcp_filestore_csi_driver_config": [],
                "gcs_fuse_csi_driver_config": [],
                "gke_backup_agent_config": [],
                "horizontal_pod_autoscaling": [],
                "http_load_balancing": [],
                "network_policy_config": [
                  {
                    "disabled": true
                  }
                ],
                "ray_operator_config": [],
                "stateful_ha_config": []
              }
            ],
            "allow_net_admin": null,
            "authenticator_groups_config": [],
            "binary_authorization": [
              {
                "enabled": false,
                "evaluation_mode": ""
              }
            ],
            "cluster_autoscaling": [
              {
                "auto_provisioning_defaults": [],
                "auto_provisioning_locations": [],
                "autoscaling_profile": "BALANCED",
                "enabled": false,
                "resource_limits": []
              }
            ],
            "cluster_ipv4_cidr": "10.20.0.0/14",
            "confidential_nodes": [],
            "cost_management_config": [],
            "database_encryption": [
              {
                "key_name": "",
                "state": "DECRYPTED"
              }
            ],
            "datapath_provider": "",
            "default_max_pods_per_node": 110,
            "default_snat_status": [
              {
                "disabled": false
              }
            ],
            "deletion_protection": false,
            "description": "",
            "dns_config": [],
            "enable_autopilot": false,
            "enable_cilium_clusterwide_network_policy": false,
            "enable_intranode_visibility": false,
            "enable_k8s_beta_apis": [],
            "enable_kubernetes_alpha": false,
            "enable_l4_ilb_subsetting": false,
            "enable_legacy_abac": false,
            "enable_multi_networking": false,
            "enable_shielded_nodes": true,
            "enable_tpu": false,
            "endpoint": "207.175.16.212",
            "fleet": [],
            "gateway_api_config": [],
            "id": "projects/gcp-cloudagnostic/locations/europe-west1-b/clusters/gke-capoc",
            "identity_service_config": [],
            "initial_node_count": 1,
            "ip_allocation_policy": [
              {
                "additional_pod_ranges_config": [],
                "cluster_ipv4_cidr_block": "10.20.0.0/14",
                "cluster_secondary_range_name": "gke-gke-capoc-pods-b4b58973",
                "pod_cidr_overprovision_config": [
                  {
                    "disabled": false
                  }
                ],
                "services_ipv4_cidr_block": "34.118.224.0/20",
                "services_secondary_range_name": "",
                "stack_type": "IPV4"
              }
            ],
            "label_fingerprint": "a9dc16a7",
            "location": "europe-west1-b",
            "logging_config": [
              {
                "enable_components": [
                  "SYSTEM_COMPONENTS",
                  "WORKLOADS"
                ]
              }
            ],
            "logging_service": "logging.googleapis.com/kubernetes",
            "maintenance_policy": [],
            "master_auth": [
              {
                "client_certificate": "",
                "client_certificate_config": [
                  {
                    "issue_client_certificate": false
                  }
                ],
                "client_key": "",
                "cluster_ca_certificate": "LS0tLS1CRUdJTiBDRVJUSUZJQ0FURS0tLS0tCk1JSUVMVENDQXBXZ0F3SUJBZ0lSQUpPWDlqUmNabERwWlNOMnVkM2JNcU13RFFZSktvWklodmNOQVFFTEJRQXcKTHpFdE1Dc0dBMVVFQXhNa1lqZGlabUpqT1dZdE1qaGxOeTAwTURReExXSmpPV0V0TlRRM05XSTRNall4WkdJeApNQ0FYRFRJMk1EWXhOVEUwTVRReE4xb1lEekl3TlRZd05qQTNNVFV4TkRFM1dqQXZNUzB3S3dZRFZRUURFeVJpCk4ySm1ZbU01WmkweU9HVTNMVFF3TkRFdFltTTVZUzAxTkRjMVlqZ3lOakZrWWpFd2dnR2lNQTBHQ1NxR1NJYjMKRFFFQkFRVUFBNElCandBd2dnR0tBb0lCZ1FDL212MDNGcFZ0dGc2OUcrZHFHeUF6T0xMVHdvQ1A3MU9zZU9teApCZFI1TUJZejQ2Y1puWHBDNlZIK2dMZFovSzY4TC9KSFgrQTRib1Q3WXhlM0FiZUNSMExXWGlyZ09xV2xhVzVBCngvcFh1RWtpY0JjSFVINnhtUytqYk9nNmtjRUpuNVJRQ2tmVXJodUZia01CTnVPSzh0R2tVa2ptMTd3VTRYUVEKSkdYd3FqUGZVWGhjUGloak9CSVliREoybTNDWUQyOG1jVlFCK0krZTZxQ1E4RHFHY2RJNUNOekE4Mm10WjNBWApCM1lEV0VnSi84b1lCT29wdVFQVklrQmFxNFFnWTJ1SU1yYVdwbmZBUEt0eTVNQkdMaHRhTVJpbnlZVjA3RHhJCnFkSU9EUkQ0Uk43L2I0UHFaTytzOW9BM2dNdWxYNEZReU03c0ZkMy8vOVR0ZVFaRWlkSFFnazFKM3h0SHFJR2EKdVBBdmdjdEV0V3pOeGs5QllaTWYrMTZ1V1RZNW1MRzBnYjEyMVpHaVM1UEdBWkRWUVRyRTBlRVdFenJVbHNoYwpzRFpRNkZlMXNyTUlDY1hKaDlsbmtmZmltb0V0NkxzWjFzSGR5QU1EYi9LRVJDYi9LU2NqSVQwSXZSR09vNk1jCjFMSGZmd3h6UVdnNXJBQjQzNWlDeGs5SmhJRUNBd0VBQWFOQ01FQXdEZ1lEVlIwUEFRSC9CQVFEQWdJRU1BOEcKQTFVZEV3RUIvd1FGTUFNQkFmOHdIUVlEVlIwT0JCWUVGTkNNSkNCamJSVWs0MmpoZTFhRHc0WDIxR0ppTUEwRwpDU3FHU0liM0RRRUJDd1VBQTRJQmdRQ0RIc2NXSVZEemo0V2krTEluK29SOC8zUkpoL3JXdmxZemtITjJFTGNOCms2VXVSRHFjU1NKUzJETDRnMVpjUWpPR2FpTThEREhUYm9UVHBmOUY2UGdJMTVqRWI2U2daL2NuaUt6NCsrUHAKK2VrQjlkNzJKL2JDK3l1Zk1GL1dlRTFEdTNnS0dWbjdEK2xBcThYSkdxVEFVVFdCcTg3QTFhenQ5Q2t5eHhOSwpHQTRZV05UeWN6ZlUwM1BtSWJ5MG1tTEJsa2JBVWpBSUM1d2c2bWhNY2QvcStLa0hGQzI4TnZuY0pBNTdGMmFlCnF5eEttcHI5UlVmaTVyWWdIWXMrWGdIczNVNVMrT0VKVE16ZGNhSXBwQk16czFlRGNFajBaQmxaK3ZrMWtnd24KeEVJditXVFh2WVVrWnlCNmxtTjM0S3F4SFRqZ1NoTFgwdTdNYVpaMGgwZ3dTelg2QVVqc3I1SnNGdVBDWjVlZQpscnZHWm5wSFoyS281R3FQOTZyTjRsYWVacGlqQnBKTHZrQVd4VjRRQmc2dHN3aTFWeUU2c3NJd1BkQ0dsVTZHCjJOdVJ4MHNZYUpzM2x2c3p3RHViczRZR3NGRFZyOWs5NXE4VEI5NEtzOHBJK1pwczZYVUVMSFRjMDQ0bnZkOFYKcHlrRElRcHVmME9yY0l0Y0JRc3M5QzQ9Ci0tLS0tRU5EIENFUlRJRklDQVRFLS0tLS0K"
              }
            ],
            "master_authorized_networks_config": [],
            "master_version": "1.35.5-gke.1000000",
            "mesh_certificates": [],
            "min_master_version": null,
            "monitoring_config": [
              {
                "advanced_datapath_observability_config": [
                  {
                    "enable_metrics": false,
                    "enable_relay": false,
                    "relay_mode": "DISABLED"
                  }
                ],
                "enable_components": [
                  "SYSTEM_COMPONENTS",
                  "STORAGE",
                  "HPA",
                  "POD",
                  "DAEMONSET",
                  "DEPLOYMENT",
                  "STATEFULSET",
                  "CADVISOR",
                  "KUBELET",
                  "DCGM",
                  "JOBSET"
                ],
                "managed_prometheus": [
                  {
                    "enabled": true
                  }
                ]
              }
            ],
            "monitoring_service": "monitoring.googleapis.com/kubernetes",
            "name": "gke-capoc",
            "network": "projects/gcp-cloudagnostic/global/networks/default",
            "network_policy": [
              {
                "enabled": false,
                "provider": "PROVIDER_UNSPECIFIED"
              }
            ],
            "networking_mode": "VPC_NATIVE",
            "node_config": [],
            "node_locations": [],
            "node_pool": [],
            "node_pool_auto_config": [
              {
                "network_tags": [],
                "node_kubelet_config": [
                  {
                    "insecure_kubelet_readonly_port_enabled": "FALSE"
                  }
                ],
                "resource_manager_tags": {}
              }
            ],
            "node_pool_defaults": [
              {
                "node_config_defaults": [
                  {
                    "containerd_config": [],
                    "insecure_kubelet_readonly_port_enabled": "FALSE",
                    "logging_variant": "DEFAULT"
                  }
                ]
              }
            ],
            "node_version": "1.35.5-gke.1000000",
            "notification_config": [
              {
                "pubsub": [
                  {
                    "enabled": false,
                    "filter": [],
                    "topic": ""
                  }
                ]
              }
            ],
            "operation": null,
            "private_cluster_config": [
              {
                "enable_private_endpoint": false,
                "enable_private_nodes": false,
                "master_global_access_config": [
                  {
                    "enabled": false
                  }
                ],
                "master_ipv4_cidr_block": "",
                "peering_name": "",
                "private_endpoint": "10.132.0.8",
                "private_endpoint_subnetwork": "",
                "public_endpoint": "207.175.16.212"
              }
            ],
            "private_ipv6_google_access": "",
            "project": "gcp-cloudagnostic",
            "release_channel": [
              {
                "channel": "REGULAR"
              }
            ],
            "remove_default_node_pool": true,
            "resource_labels": null,
            "resource_usage_export_config": [],
            "security_posture_config": [
              {
                "mode": "BASIC",
                "vulnerability_mode": "VULNERABILITY_MODE_UNSPECIFIED"
              }
            ],
            "self_link": "https://container.googleapis.com/v1/projects/gcp-cloudagnostic/zones/europe-west1-b/clusters/gke-capoc",
            "service_external_ips_config": [
              {
                "enabled": false
              }
            ],
            "services_ipv4_cidr": "34.118.224.0/20",
            "subnetwork": "projects/gcp-cloudagnostic/regions/europe-west1/subnetworks/default",
            "timeouts": null,
            "tpu_ipv4_cidr_block": "",
            "vertical_pod_autoscaling": [],
            "workload_identity_config": []
          },
          "sensitive_attributes": [
            [
              {
                "type": "get_attr",
                "value": "master_auth"
              },
              {
                "type": "index",
                "value": {
                  "value": 0,
                  "type": "number"
                }
              },
              {
                "type": "get_attr",
                "value": "client_key"
              }
            ]
          ],
          "identity_schema_version": 0,
          "private": "eyJlMmJmYjczMC1lY2FhLTExZTYtOGY4OC0zNDM2M2JjN2M0YzAiOnsiY3JlYXRlIjoyNDAwMDAwMDAwMDAwLCJkZWxldGUiOjI0MDAwMDAwMDAwMDAsInJlYWQiOjI0MDAwMDAwMDAwMDAsInVwZGF0ZSI6MzYwMDAwMDAwMDAwMH0sInNjaGVtYV92ZXJzaW9uIjoiMiJ9",
          "dependencies": [
            "google_project_service.container"
          ]
        }
      ]
    },
    {
      "mode": "managed",
      "type": "google_container_node_pool",
      "name": "nodes",
      "provider": "provider[\"registry.terraform.io/hashicorp/google\"]",
      "instances": [
        {
          "schema_version": 1,
          "attributes": {
            "autoscaling": [],
            "cluster": "gke-capoc",
            "id": "projects/gcp-cloudagnostic/locations/europe-west1-b/clusters/gke-capoc/nodePools/np-capoc",
            "initial_node_count": 1,
            "instance_group_urls": [
              "https://www.googleapis.com/compute/v1/projects/gcp-cloudagnostic/zones/europe-west1-b/instanceGroupManagers/gke-gke-capoc-np-capoc-804a99fa-grp"
            ],
            "location": "europe-west1-b",
            "managed_instance_group_urls": [
              "https://www.googleapis.com/compute/v1/projects/gcp-cloudagnostic/zones/europe-west1-b/instanceGroups/gke-gke-capoc-np-capoc-804a99fa-grp"
            ],
            "management": [
              {
                "auto_repair": true,
                "auto_upgrade": true
              }
            ],
            "max_pods_per_node": 110,
            "name": "np-capoc",
            "name_prefix": "",
            "network_config": [
              {
                "additional_node_network_configs": [],
                "additional_pod_network_configs": [],
                "create_pod_range": false,
                "enable_private_nodes": false,
                "network_performance_config": [],
                "pod_cidr_overprovision_config": [],
                "pod_ipv4_cidr_block": "10.20.0.0/14",
                "pod_range": "gke-gke-capoc-pods-b4b58973"
              }
            ],
            "node_config": [
              {
                "advanced_machine_features": [],
                "boot_disk_kms_key": "",
                "confidential_nodes": [],
                "containerd_config": [],
                "disk_size_gb": 100,
                "disk_type": "pd-balanced",
                "effective_taints": [],
                "enable_confidential_storage": false,
                "ephemeral_storage_local_ssd_config": [],
                "fast_socket": [],
                "gcfs_config": [],
                "guest_accelerator": [],
                "gvnic": [],
                "host_maintenance_policy": [],
                "image_type": "COS_CONTAINERD",
                "kubelet_config": [
                  {
                    "cpu_cfs_quota": false,
                    "cpu_cfs_quota_period": "",
                    "cpu_manager_policy": "",
                    "insecure_kubelet_readonly_port_enabled": "FALSE",
                    "pod_pids_limit": 0
                  }
                ],
                "labels": {},
                "linux_node_config": [],
                "local_nvme_ssd_block_config": [],
                "local_ssd_count": 0,
                "logging_variant": "DEFAULT",
                "machine_type": "e2-medium",
                "metadata": {
                  "disable-legacy-endpoints": "true"
                },
                "min_cpu_platform": "",
                "node_group": "",
                "oauth_scopes": [
                  "https://www.googleapis.com/auth/cloud-platform"
                ],
                "preemptible": false,
                "reservation_affinity": [],
                "resource_labels": {
                  "goog-gke-node-pool-provisioning-model": "on-demand"
                },
                "resource_manager_tags": null,
                "secondary_boot_disks": [],
                "service_account": "default",
                "shielded_instance_config": [
                  {
                    "enable_integrity_monitoring": true,
                    "enable_secure_boot": false
                  }
                ],
                "sole_tenant_config": [],
                "spot": false,
                "tags": null,
                "taint": [],
                "workload_metadata_config": []
              }
            ],
            "node_count": 1,
            "node_locations": [
              "europe-west1-b"
            ],
            "operation": null,
            "placement_policy": [],
            "project": "gcp-cloudagnostic",
            "queued_provisioning": [],
            "timeouts": null,
            "upgrade_settings": [
              {
                "blue_green_settings": [],
                "max_surge": 1,
                "max_unavailable": 0,
                "strategy": "SURGE"
              }
            ],
            "version": "1.35.5-gke.1000000"
          },
          "sensitive_attributes": [],
          "identity_schema_version": 0,
          "private": "eyJlMmJmYjczMC1lY2FhLTExZTYtOGY4OC0zNDM2M2JjN2M0YzAiOnsiY3JlYXRlIjoxODAwMDAwMDAwMDAwLCJkZWxldGUiOjE4MDAwMDAwMDAwMDAsInVwZGF0ZSI6MTgwMDAwMDAwMDAwMH0sInNjaGVtYV92ZXJzaW9uIjoiMSJ9",
          "dependencies": [
            "google_container_cluster.gke",
            "google_project_service.container"
          ]
        }
      ]
    },
    {
      "mode": "managed",
      "type": "google_project_service",
      "name": "container",
      "provider": "provider[\"registry.terraform.io/hashicorp/google\"]",
      "instances": [
        {
          "schema_version": 0,
          "attributes": {
            "disable_dependent_services": null,
            "disable_on_destroy": false,
            "id": "gcp-cloudagnostic/container.googleapis.com",
            "project": "gcp-cloudagnostic",
            "service": "container.googleapis.com",
            "timeouts": null
          },
          "sensitive_attributes": [],
          "identity_schema_version": 0,
          "private": "eyJlMmJmYjczMC1lY2FhLTExZTYtOGY4OC0zNDM2M2JjN2M0YzAiOnsiY3JlYXRlIjoxMjAwMDAwMDAwMDAwLCJkZWxldGUiOjEyMDAwMDAwMDAwMDAsInJlYWQiOjYwMDAwMDAwMDAwMCwidXBkYXRlIjoxMjAwMDAwMDAwMDAwfX0="
        }
      ]
    }
  ],
  "check_results": null
}
