{
  "version": 4,
  "terraform_version": "1.15.4",
  "serial": 8,
  "lineage": "8ca9df56-893a-d5b0-57ea-9a94256015f7",
  "outputs": {
    "aks_name": {
      "value": "aks-capoc",
      "type": "string"
    },
    "resource_group_name": {
      "value": "rg-capoc-aks",
      "type": "string"
    }
  },
  "resources": [
    {
      "mode": "managed",
      "type": "azurerm_resource_group",
      "name": "rg",
      "provider": "provider[\"registry.terraform.io/hashicorp/azurerm\"]",
      "instances": [
        {
          "schema_version": 0,
          "attributes": {
            "id": "/subscriptions/2dc255a7-064f-4c92-bf2a-c38e91813c32/resourceGroups/rg-capoc-aks",
            "location": "francecentral",
            "managed_by": "",
            "name": "rg-capoc-aks",
            "tags": null,
            "timeouts": null
          },
          "sensitive_attributes": [],
          "identity_schema_version": 0,
          "private": "eyJlMmJmYjczMC1lY2FhLTExZTYtOGY4OC0zNDM2M2JjN2M0YzAiOnsiY3JlYXRlIjo1NDAwMDAwMDAwMDAwLCJkZWxldGUiOjU0MDAwMDAwMDAwMDAsInJlYWQiOjMwMDAwMDAwMDAwMCwidXBkYXRlIjo1NDAwMDAwMDAwMDAwfX0="
        }
      ]
    }
  ],
  "check_results": null
}
